// !$*UTF8*$!
{
	archiveVersion = 1;
	classes = {
	};
	objectVersion = 55;
	objects = {

/* Begin PBXBuildFile section */
		003AF54328B67595004E456A /* AppDelegate.swift in Sources */ = {isa = PBXBuildFile; fileRef = 003AF54228B67595004E456A /* AppDelegate.swift */; };
		003AF54528B67595004E456A /* SceneDelegate.swift in Sources */ = {isa = PBXBuildFile; fileRef = 003AF54428B67595004E456A /* SceneDelegate.swift */; };
		003AF54728B67595004E456A /* ViewController.swift in Sources */ = {isa = PBXBuildFile; fileRef = 003AF54628B67595004E456A /* ViewController.swift */; };
		003AF54A28B67595004E456A /* Main.storyboard in Resources */ = {isa = PBXBuildFile; fileRef = 003AF54828B67595004E456A /* Main.storyboard */; };
		003AF54C28B67599004E456A /* Assets.xcassets in Resources */ = {isa = PBXBuildFile; fileRef = 003AF54B28B67599004E456A /* Assets.xcassets */; };
		003AF54F28B67599004E456A /* LaunchScreen.storyboard in Resources */ = {isa = PBXBuildFile; fileRef = 003AF54D28B67599004E456A /* LaunchScreen.storyboard */; };
		003AF55B28B676A4004E456A /* TightlyCoupledHTTPManager.swift in Sources */ = {isa = PBXBuildFile; fileRef = 003AF55A28B676A4004E456A /* TightlyCoupledHTTPManager.swift */; };
		003AF55D28B676E8004E456A /* ConstantsAPI.swift in Sources */ = {isa = PBXBuildFile; fileRef = 003AF55C28B676E8004E456A /* ConstantsAPI.swift */; };
/* End PBXBuildFile section */

/* Begin PBXFileReference section */
		003AF53F28B67595004E456A /* MVCTightlyCoupledDemo.app */ = {isa = PBXFileReference; explicitFileType = wrapper.application; includeInIndex = 0; path = MVCTightlyCoupledDemo.app; sourceTree = BUILT_PRODUCTS_DIR; };
		003AF54228B67595004E456A /* AppDelegate.swift */ = {isa = PBXFileReference; lastKnownFileType = sourcecode.swift; path = AppDelegate.swift; sourceTree = "<group>"; };
		003AF54428B67595004E456A /* SceneDelegate.swift */ = {isa = PBXFileReference; lastKnownFileType = sourcecode.swift; path = SceneDelegate.swift; sourceTree = "<group>"; };
		003AF54628B67595004E456A /* ViewController.swift */ = {isa = PBXFileReference; lastKnownFileType = sourcecode.swift; path = ViewController.swift; sourceTree = "<group>"; };
		003AF54928B67595004E456A /* Base */ = {isa = PBXFileReference; lastKnownFileType = file.storyboard; name = Base; path = Base.lproj/Main.storyboard; sourceTree = "<group>"; };
		003AF54B28B67599004E456A /* Assets.xcassets */ = {isa = PBXFileReference; lastKnownFileType = folder.assetcatalog; path = Assets.xcassets; sourceTree = "<group>"; };
		003AF54E28B67599004E456A /* Base */ = {isa = PBXFileReference; lastKnownFileType = file.storyboard; name = Base; path = Base.lproj/LaunchScreen.storyboard; sourceTree = "<group>"; };
		003AF55028B67599004E456A /* Info.plist */ = {isa = PBXFileReference; lastKnownFileType = text.plist.xml; path = Info.plist; sourceTree = "<group>"; };
		003AF55A28B676A4004E456A /* TightlyCoupledHTTPManager.swift */ = {isa = PBXFileReference; lastKnownFileType = sourcecode.swift; path = TightlyCoupledHTTPManager.swift; sourceTree = "<group>"; };
		003AF55C28B676E8004E456A /* ConstantsAPI.swift */ = {isa = PBXFileReference; lastKnownFileType = sourcecode.swift; path = ConstantsAPI.swift; sourceTree = "<group>"; };
/* End PBXFileReference section */

/* Begin PBXFrameworksBuildPhase section */
		003AF53C28B67595004E456A /* Frameworks */ = {
			isa = PBXFrameworksBuildPhase;
			buildActionMask = 2147483647;
			files = (
			);
			runOnlyForDeploymentPostprocessing = 0;
		};
/* End PBXFrameworksBuildPhase section */

/* Begin PBXGroup section */
		003AF53628B67595004E456A = {
			isa = PBXGroup;
			children = (
				003AF54128B67595004E456A /* MVCTightlyCoupledDemo */,
				003AF54028B67595004E456A /* Products */,
			);
			sourceTree = "<group>";
		};
		003AF54028B67595004E456A /* Products */ = {
			isa = PBXGroup;
			children = (
				003AF53F28B67595004E456A /* MVCTightlyCoupledDemo.app */,
			);
			name = Products;
			sourceTree = "<group>";
		};
		003AF54128B67595004E456A /* MVCTightlyCoupledDemo */ = {
			isa = PBXGroup;
			children = (
				003AF55828B67679004E456A /* Appdelegate */,
				003AF55628B67663004E456A /* ViewControllers */,
				003AF55728B67670004E456A /* Networking */,
				003AF55928B67684004E456A /* Models */,
				003AF55C28B676E8004E456A /* ConstantsAPI.swift */,
				003AF54828B67595004E456A /* Main.storyboard */,
				003AF54B28B67599004E456A /* Assets.xcassets */,
				003AF54D28B67599004E456A /* LaunchScreen.storyboard */,
				003AF55028B67599004E456A /* Info.plist */,
			);
			path = MVCTightlyCoupledDemo;
			sourceTree = "<group>";
		};
		003AF55628B67663004E456A /* ViewControllers */ = {
			isa = PBXGroup;
			children = (
				003AF54628B67595004E456A /* ViewController.swift */,
			);
			path = ViewControllers;
			sourceTree = "<group>";
		};
		003AF55728B67670004E456A /* Networking */ = {
			isa = PBXGroup;
			children = (
				003AF55A28B676A4004E456A /* TightlyCoupledHTTPManager.swift */,
			);
			path = Networking;
			sourceTree = "<group>";
		};
		003AF55828B67679004E456A /* Appdelegate */ = {
			isa = PBXGroup;
			children = (
				003AF54228B67595004E456A /* AppDelegate.swift */,
				003AF54428B67595004E456A /* SceneDelegate.swift */,
			);
			path = Appdelegate;
			sourceTree = "<group>";
		};
		003AF55928B67684004E456A /* Models */ = {
			isa = PBXGroup;
			children = (
			);
			path = Models;
			sourceTree = "<group>";
		};
/* End PBXGroup section */

/* Begin PBXNativeTarget section */
		003AF53E28B67595004E456A /* MVCTightlyCoupledDemo */ = {
			isa = PBXNativeTarget;
			buildConfigurationList = 003AF55328B67599004E456A /* Build configuration list for PBXNativeTarget "MVCTightlyCoupledDemo" */;
			buildPhases = (
				003AF53B28B67595004E456A /* Sources */,
				003AF53C28B67595004E456A /* Frameworks */,
				003AF53D28B67595004E456A /* Resources */,
			);
			buildRules = (
			);
			dependencies = (
			);
			name = MVCTightlyCoupledDemo;
			productName = MVCTightlyCoupledDemo;
			productReference = 003AF53F28B67595004E456A /* MVCTightlyCoupledDemo.app */;
			productType = "com.apple.product-type.application";
		};
/* End PBXNativeTarget section */

/* Begin PBXProject section */
		003AF53728B67595004E456A /* Project object */ = {
			isa = PBXProject;
			attributes = {
				BuildIndependentTargetsInParallel = 1;
				LastSwiftUpdateCheck = 1300;
				LastUpgradeCheck = 1300;
				TargetAttributes = {
					003AF53E28B67595004E456A = {
						CreatedOnToolsVersion = 13.0;
					};
				};
			};
			buildConfigurationList = 003AF53A28B67595004E456A /* Build configuration list for PBXProject "MVCTightlyCoupledDemo" */;
			compatibilityVersion = "Xcode 13.0";
			developmentRegion = en;
			hasScannedForEncodings = 0;
			knownRegions = (
				en,
				Base,
			);
			mainGroup = 003AF53628B67595004E456A;
			productRefGroup = 003AF54028B67595004E456A /* Products */;
			projectDirPath = "";
			projectRoot = "";
			targets = (
				003AF53E28B67595004E456A /* MVCTightlyCoupledDemo */,
			);
		};
/* End PBXProject section */

/* Begin PBXResourcesBuildPhase section */
		003AF53D28B67595004E456A /* Resources */ = {
			isa = PBXResourcesBuildPhase;
			buildActionMask = 2147483647;
			files = (
				003AF54F28B67599004E456A /* LaunchScreen.storyboard in Resources */,
				003AF54C28B67599004E456A /* Assets.xcassets in Resources */,
				003AF54A28B67595004E456A /* Main.storyboard in Resources */,
			);
			runOnlyForDeploymentPostprocessing = 0;
		};
/* End PBXResourcesBuildPhase section */

/* Begin PBXSourcesBuildPhase section */
		003AF53B28B67595004E456A /* Sources */ = {
			isa = PBXSourcesBuildPhase;
			buildActionMask = 2147483647;
			files = (
				003AF54728B67595004E456A /* ViewController.swift in Sources */,
				003AF54328B67595004E456A /* AppDelegate.swift in Sources */,
				003AF55B28B676A4004E456A /* TightlyCoupledHTTPManager.swift in Sources */,
				003AF54528B67595004E456A /* SceneDelegate.swift in Sources */,
				003AF55D28B676E8004E456A /* ConstantsAPI.swift in Sources */,
			);
			runOnlyForDeploymentPostprocessing = 0;
		};
/* End PBXSourcesBuildPhase section */

/* Begin PBXVariantGroup section */
		003AF54828B67595004E456A /* Main.storyboard */ = {
			isa = PBXVariantGroup;
			children = (
				003AF54928B67595004E456A /* Base */,
			);
			name = Main.storyboard;
			sourceTree = "<group>";
		};
		003AF54D28B67599004E456A /* LaunchScreen.storyboard */ = {
			isa = PBXVariantGroup;
			children = (
				003AF54E28B67599004E456A /* Base */,
			);
			name = LaunchScreen.storyboard;
			sourceTree = "<group>";
		};
/* End PBXVariantGroup section */

/* Begin XCBuildConfiguration section */
		003AF55128B67599004E456A /* Debug */ = {
			isa = XCBuildConfiguration;
			buildSettings = {
				ALWAYS_SEARCH_USER_PATHS = NO;
				CLANG_ANALYZER_NONNULL = YES;
				CLANG_ANALYZER_NUMBER_OBJECT_CONVERSION = YES_AGGRESSIVE;
				CLANG_CXX_LANGUAGE_STANDARD = "gnu++17";
				CLANG_CXX_LIBRARY = "libc++";
				CLANG_ENABLE_MODULES = YES;
				CLANG_ENABLE_OBJC_ARC = YES;
				CLANG_ENABLE_OBJC_WEAK = YES;
				CLANG_WARN_BLOCK_CAPTURE_AUTORELEASING = YES;
				CLANG_WARN_BOOL_CONVERSION = YES;
				CLANG_WARN_COMMA = YES;
				CLANG_WARN_CONSTANT_CONVERSION = YES;
				CLANG_WARN_DEPRECATED_OBJC_IMPLEMENTATIONS = YES;
				CLANG_WARN_DIRECT_OBJC_ISA_USAGE = YES_ERROR;
				CLANG_WARN_DOCUMENTATION_COMMENTS = YES;
				CLANG_WARN_EMPTY_BODY = YES;
				CLANG_WARN_ENUM_CONVERSION = YES;
				CLANG_WARN_INFINITE_RECURSION = YES;
				CLANG_WARN_INT_CONVERSION = YES;
				CLANG_WARN_NON_LITERAL_NULL_CONVERSION = YES;
				CLANG_WARN_OBJC_IMPLICIT_RETAIN_SELF = YES;
				CLANG_WARN_OBJC_LITERAL_CONVERSION = YES;
				CLANG_WARN_OBJC_ROOT_CLASS = YES_ERROR;
				CLANG_WARN_QUOTED_INCLUDE_IN_FRAMEWORK_HEADER = YES;
				CLANG_WARN_RANGE_LOOP_ANALYSIS = YES;
				CLANG_WARN_STRICT_PROTOTYPES = YES;
				CLANG_WARN_SUSPICIOUS_MOVE = YES;
				CLANG_WARN_UNGUARDED_AVAILABILITY = YES_AGGRESSIVE;
				CLANG_WARN_UNREACHABLE_CODE = YES;
				CLANG_WARN__DUPLICATE_METHOD_MATCH = YES;
				COPY_PHASE_STRIP = NO;
				DEBUG_INFORMATION_FORMAT = dwarf;
				ENABLE_STRICT_OBJC_MSGSEND = YES;
				ENABLE_TESTABILITY = YES;
				GCC_C_LANGUAGE_STANDARD = gnu11;
				GCC_DYNAMIC_NO_PIC = NO;
				GCC_NO_COMMON_BLOCKS = YES;
				GCC_OPTIMIZATION_LEVEL = 0;
				GCC_PREPROCESSOR_DEFINITIONS = (
					"DEBUG=1",
					"$(inherited)",
				);
				GCC_WARN_64_TO_32_BIT_CONVERSION = YES;
				GCC_WARN_ABOUT_RETURN_TYPE = YES_ERROR;
				GCC_WARN_UNDECLARED_SELECTOR = YES;
				GCC_WARN_UNINITIALIZED_AUTOS = YES_AGGRESSIVE;
				GCC_WARN_UNUSED_FUNCTION = YES;
				GCC_WARN_UNUSED_VARIABLE = YES;
				IPHONEOS_DEPLOYMENT_TARGET = 15.0;
				MTL_ENABLE_DEBUG_INFO = INCLUDE_SOURCE;
				MTL_FAST_MATH = YES;
				ONLY_ACTIVE_ARCH = YES;
				SDKROOT = iphoneos;
				SWIFT_ACTIVE_COMPILATION_CONDITIONS = DEBUG;
				SWIFT_OPTIMIZATION_LEVEL = "-Onone";
			};
			name = Debug;
		};
		003AF55228B67599004E456A /* Release */ = {
			isa = XCBuildConfiguration;
			buildSettings = {
				ALWAYS_SEARCH_USER_PATHS = NO;
				CLANG_ANALYZER_NONNULL = YES;
				CLANG_ANALYZER_NUMBER_OBJECT_CONVERSION = YES_AGGRESSIVE;
				CLANG_CXX_LANGUAGE_STANDARD = "gnu++17";
				CLANG_CXX_LIBRARY = "libc++";
				CLANG_ENABLE_MODULES = YES;
				CLANG_ENABLE_OBJC_ARC = YES;
				CLANG_ENABLE_OBJC_WEAK = YES;
				CLANG_WARN_BLOCK_CAPTURE_AUTORELEASING = YES;
				CLANG_WARN_BOOL_CONVERSION = YES;
				CLANG_WARN_COMMA = YES;
				CLANG_WARN_CONSTANT_CONVERSION = YES;
				CLANG_WARN_DEPRECATED_OBJC_IMPLEMENTATIONS = YES;
				CLANG_WARN_DIRECT_OBJC_ISA_USAGE = YES_ERROR;
				CLANG_WARN_DOCUMENTATION_COMMENTS = YES;
				CLANG_WARN_EMPTY_BODY = YES;
				CLANG_WARN_ENUM_CONVERSION = YES;
				CLANG_WARN_INFINITE_RECURSION = YES;
				CLANG_WARN_INT_CONVERSION = YES;
				CLANG_WARN_NON_LITERAL_NULL_CONVERSION = YES;
				CLANG_WARN_OBJC_IMPLICIT_RETAIN_SELF = YES;
				CLANG_WARN_OBJC_LITERAL_CONVERSION = YES;
				CLANG_WARN_OBJC_ROOT_CLASS = YES_ERROR;
				CLANG_WARN_QUOTED_INCLUDE_IN_FRAMEWORK_HEADER = YES;
				CLANG_WARN_RANGE_LOOP_ANALYSIS = YES;
				CLANG_WARN_STRICT_PROTOTYPES = YES;
				CLANG_WARN_SUSPICIOUS_MOVE = YES;
				CLANG_WARN_UNGUARDED_AVAILABILITY = YES_AGGRESSIVE;
				CLANG_WARN_UNREACHABLE_CODE = YES;
				CLANG_WARN__DUPLICATE_METHOD_MATCH = YES;
				COPY_PHASE_STRIP = NO;
				DEBUG_INFORMATION_FORMAT = "dwarf-with-dsym";
				ENABLE_NS_ASSERTIONS = NO;
				ENABLE_STRICT_OBJC_MSGSEND = YES;
				GCC_C_LANGUAGE_STANDARD = gnu11;
				GCC_NO_COMMON_BLOCKS = YES;
				GCC_WARN_64_TO_32_BIT_CONVERSION = YES;
				GCC_WARN_ABOUT_RETURN_TYPE = YES_ERROR;
				GCC_WARN_UNDECLARED_SELECTOR = YES;
				GCC_WARN_UNINITIALIZED_AUTOS = YES_AGGRESSIVE;
				GCC_WARN_UNUSED_FUNCTION = YES;
				GCC_WARN_UNUSED_VARIABLE = YES;
				IPHONEOS_DEPLOYMENT_TARGET = 15.0;
				MTL_ENABLE_DEBUG_INFO = NO;
				MTL_FAST_MATH = YES;
				SDKROOT = iphoneos;
				SWIFT_COMPILATION_MODE = wholemodule;
				SWIFT_OPTIMIZATION_LEVEL = "-O";
				VALIDATE_PRODUCT = YES;
			};
			name = Release;
		};
		003AF55428B67599004E456A /* Debug */ = {
			isa = XCBuildConfiguration;
			buildSettings = {
				ASSETCATALOG_COMPILER_APPICON_NAME = AppIcon;
				ASSETCATALOG_COMPILER_GLOBAL_ACCENT_COLOR_NAME = AccentColor;
				CODE_SIGN_STYLE = Automatic;
				CURRENT_PROJECT_VERSION = 1;
				DEVELOPMENT_TEAM = 4LWX2FD83T;
				GENERATE_INFOPLIST_FILE = YES;
				INFOPLIST_FILE = MVCTightlyCoupledDemo/Info.plist;
				INFOPLIST_KEY_UIApplicationSupportsIndirectInputEvents = YES;
				INFOPLIST_KEY_UILaunchStoryboardName = LaunchScreen;
				INFOPLIST_KEY_UIMainStoryboardFile = Main;
				INFOPLIST_KEY_UISupportedInterfaceOrientations_iPad = "UIInterfaceOrientationPortrait UIInterfaceOrientationPortraitUpsideDown UIInterfaceOrientationLandscapeLeft UIInterfaceOrientationLandscapeRight";
				INFOPLIST_KEY_UISupportedInterfaceOrientations_iPhone = "UIInterfaceOrientationPortrait UIInterfaceOrientationLandscapeLeft UIInterfaceOrientationLandscapeRight";
				LD_RUNPATH_SEARCH_PATHS = (
					"$(inherited)",
					"@executable_path/Frameworks",
				);
				MARKETING_VERSION = 1.0;
				PRODUCT_BUNDLE_IDENTIFIER = Emaar.MVCTightlyCoupledDemo;
				PRODUCT_NAME = "$(TARGET_NAME)";
				SWIFT_EMIT_LOC_STRINGS = YES;
				SWIFT_VERSION = 5.0;
				TARGETED_DEVICE_FAMILY = "1,2";
			};
			name = Debug;
		};
		003AF55528B67599004E456A /* Release */ = {
			isa = XCBuildConfiguration;
			buildSettings = {
				ASSETCATALOG_COMPILER_APPICON_NAME = AppIcon;
				ASSETCATALOG_COMPILER_GLOBAL_ACCENT_COLOR_NAME = AccentColor;
				CODE_SIGN_STYLE = Automatic;
				CURRENT_PROJECT_VERSION = 1;
				DEVELOPMENT_TEAM = 4LWX2FD83T;
				GENERATE_INFOPLIST_FILE = YES;
				INFOPLIST_FILE = MVCTightlyCoupledDemo/Info.plist;
				INFOPLIST_KEY_UIApplicationSupportsIndirectInputEvents = YES;
				INFOPLIST_KEY_UILaunchStoryboardName = LaunchScreen;
				INFOPLIST_KEY_UIMainStoryboardFile = Main;
				INFOPLIST_KEY_UISupportedInterfaceOrientations_iPad = "UIInterfaceOrientationPortrait UIInterfaceOrientationPortraitUpsideDown UIInterfaceOrientationLandscapeLeft UIInterfaceOrientationLandscapeRight";
				INFOPLIST_KEY_UISupportedInterfaceOrientations_iPhone = "UIInterfaceOrientationPortrait UIInterfaceOrientationLandscapeLeft UIInterfaceOrientationLandscapeRight";
				LD_RUNPATH_SEARCH_PATHS = (
					"$(inherited)",
					"@executable_path/Frameworks",
				);
				MARKETING_VERSION = 1.0;
				PRODUCT_BUNDLE_IDENTIFIER = Emaar.MVCTightlyCoupledDemo;
				PRODUCT_NAME = "$(TARGET_NAME)";
				SWIFT_EMIT_LOC_STRINGS = YES;
				SWIFT_VERSION = 5.0;
				TARGETED_DEVICE_FAMILY = "1,2";
			};
			name = Release;
		};
/* End XCBuildConfiguration section */

/* Begin XCConfigurationList section */
		003AF53A28B67595004E456A /* Build configuration list for PBXProject "MVCTightlyCoupledDemo" */ = {
			isa = XCConfigurationList;
			buildConfigurations = (
				003AF55128B67599004E456A /* Debug */,
				003AF55228B67599004E456A /* Release */,
			);
			defaultConfigurationIsVisible = 0;
			defaultConfigurationName = Release;
		};
		003AF55328B67599004E456A /* Build configuration list for PBXNativeTarget "MVCTightlyCoupledDemo" */ = {
			isa = XCConfigurationList;
			buildConfigurations = (
				003AF55428B67599004E456A /* Debug */,
				003AF55528B67599004E456A /* Release */,
			);
			defaultConfigurationIsVisible = 0;
			defaultConfigurationName = Release;
		};
/* End XCConfigurationList section */
	};
	rootObject = 003AF53728B67595004E456A /* Project object */;
}
